
Microsoft Visual Studio Solution File, Format Version 12.00
# Visual Studio Version 17
VisualStudioVersion = 17.12.35707.178 d17.12
MinimumVisualStudioVersion = 10.0.40219.1
Project("{FAE04EC0-301F-11D3-BF4B-00C04F79EFBC}") = "Array_List_HashTable", "Array_List_HashTable.csproj", "{111B1C09-12C1-414C-A45D-86D8F0F64A44}"
EndProject
Global
	GlobalSection(SolutionConfigurationPlatforms) = preSolution
		Debug|Any CPU = Debug|Any CPU
		Release|Any CPU = Release|Any CPU
	EndGlobalSection
	GlobalSection(ProjectConfigurationPlatforms) = postSolution
		{111B1C09-12C1-414C-A45D-86D8F0F64A44}.Debug|Any CPU.ActiveCfg = Debug|Any CPU
		{111B1C09-12C1-414C-A45D-86D8F0F64A44}.Debug|Any CPU.Build.0 = Debug|Any CPU
		{111B1C09-12C1-414C-A45D-86D8F0F64A44}.Release|Any CPU.ActiveCfg = Release|Any CPU
		{111B1C09-12C1-414C-A45D-86D8F0F64A44}.Release|Any CPU.Build.0 = Release|Any CPU
	EndGlobalSection
	GlobalSection(SolutionProperties) = preSolution
		HideSolutionNode = FALSE
	EndGlobalSection
EndGlobal
