
Microsoft Visual Studio Solution File, Format Version 12.00
# Visual Studio Version 17
VisualStudioVersion = 17.12.35707.178 d17.12
MinimumVisualStudioVersion = 10.0.40219.1
Project("{FAE04EC0-301F-11D3-BF4B-00C04F79EFBC}") = "Bitmap", "Bitmap.csproj", "{70446A38-0C08-40DB-89BD-4AB61763B59E}"
EndProject
Global
	GlobalSection(SolutionConfigurationPlatforms) = preSolution
		Debug|Any CPU = Debug|Any CPU
		Release|Any CPU = Release|Any CPU
	EndGlobalSection
	GlobalSection(ProjectConfigurationPlatforms) = postSolution
		{70446A38-0C08-40DB-89BD-4AB61763B59E}.Debug|Any CPU.ActiveCfg = Debug|Any CPU
		{70446A38-0C08-40DB-89BD-4AB61763B59E}.Debug|Any CPU.Build.0 = Debug|Any CPU
		{70446A38-0C08-40DB-89BD-4AB61763B59E}.Release|Any CPU.ActiveCfg = Release|Any CPU
		{70446A38-0C08-40DB-89BD-4AB61763B59E}.Release|Any CPU.Build.0 = Release|Any CPU
	EndGlobalSection
	GlobalSection(SolutionProperties) = preSolution
		HideSolutionNode = FALSE
	EndGlobalSection
EndGlobal
